
Microsoft Visual Studio Solution File, Format Version 12.00
# Visual Studio Version 17
VisualStudioVersion = 17.10.35027.167
MinimumVisualStudioVersion = 10.0.40219.1
Project("{FAE04EC0-301F-11D3-BF4B-00C04F79EFBC}") = "DicMailTrap", "DicMailTrap\DicMailTrap.csproj", "{D2A49BC9-D17E-454B-A931-F4B67EF3B296}"
EndProject
Global
	GlobalSection(SolutionConfigurationPlatforms) = preSolution
		Debug|Any CPU = Debug|Any CPU
		Release|Any CPU = Release|Any CPU
	EndGlobalSection
	GlobalSection(ProjectConfigurationPlatforms) = postSolution
		{D2A49BC9-D17E-454B-A931-F4B67EF3B296}.Debug|Any CPU.ActiveCfg = Debug|Any CPU
		{D2A49BC9-D17E-454B-A931-F4B67EF3B296}.Debug|Any CPU.Build.0 = Debug|Any CPU
		{D2A49BC9-D17E-454B-A931-F4B67EF3B296}.Release|Any CPU.ActiveCfg = Release|Any CPU
		{D2A49BC9-D17E-454B-A931-F4B67EF3B296}.Release|Any CPU.Build.0 = Release|Any CPU
	EndGlobalSection
	GlobalSection(SolutionProperties) = preSolution
		HideSolutionNode = FALSE
	EndGlobalSection
	GlobalSection(ExtensibilityGlobals) = postSolution
		SolutionGuid = {6CB76FB8-D18C-468F-874F-F04F89E664DE}
	EndGlobalSection
EndGlobal
